
Microsoft Visual Studio Solution File, Format Version 12.00
# Visual Studio 15
VisualStudioVersion = 15.0.27428.2037
MinimumVisualStudioVersion = 10.0.40219.1
Project("{FAE04EC0-301F-11D3-BF4B-00C04F79EFBC}") = "TotalDefenseTestAppLucene", "TotalDefenseTestAppLucene\TotalDefenseTestAppLucene.csproj", "{E1ACE7BD-D4F4-4958-AA29-88A33E1C4D01}"
EndProject
Project("{FAE04EC0-301F-11D3-BF4B-00C04F79EFBC}") = "TotalDefenseTestAppDictionary", "TotalDefenseTestAppDictionary\TotalDefenseTestAppDictionary.csproj", "{9C9D7092-5154-4AD0-B651-7E42FFE0CCD4}"
EndProject
Project("{FAE04EC0-301F-11D3-BF4B-00C04F79EFBC}") = "TotalDefenseTestApp", "TotalDefenseTestApp\TotalDefenseTestApp.csproj", "{B308EFF8-F882-4511-BF6B-1F0C21FD1D80}"
EndProject
Project("{FAE04EC0-301F-11D3-BF4B-00C04F79EFBC}") = "TotalDefenseTestAppShared", "TotalDefenseTestAppShared\TotalDefenseTestAppShared.csproj", "{A5EAE82B-D183-4FEF-9446-6AD0B9F703E5}"
EndProject
Global
	GlobalSection(SolutionConfigurationPlatforms) = preSolution
		Debug|Any CPU = Debug|Any CPU
		Release|Any CPU = Release|Any CPU
	EndGlobalSection
	GlobalSection(ProjectConfigurationPlatforms) = postSolution
		{E1ACE7BD-D4F4-4958-AA29-88A33E1C4D01}.Debug|Any CPU.ActiveCfg = Debug|Any CPU
		{E1ACE7BD-D4F4-4958-AA29-88A33E1C4D01}.Debug|Any CPU.Build.0 = Debug|Any CPU
		{E1ACE7BD-D4F4-4958-AA29-88A33E1C4D01}.Release|Any CPU.ActiveCfg = Release|Any CPU
		{E1ACE7BD-D4F4-4958-AA29-88A33E1C4D01}.Release|Any CPU.Build.0 = Release|Any CPU
		{9C9D7092-5154-4AD0-B651-7E42FFE0CCD4}.Debug|Any CPU.ActiveCfg = Debug|Any CPU
		{9C9D7092-5154-4AD0-B651-7E42FFE0CCD4}.Debug|Any CPU.Build.0 = Debug|Any CPU
		{9C9D7092-5154-4AD0-B651-7E42FFE0CCD4}.Release|Any CPU.ActiveCfg = Release|Any CPU
		{9C9D7092-5154-4AD0-B651-7E42FFE0CCD4}.Release|Any CPU.Build.0 = Release|Any CPU
		{B308EFF8-F882-4511-BF6B-1F0C21FD1D80}.Debug|Any CPU.ActiveCfg = Debug|Any CPU
		{B308EFF8-F882-4511-BF6B-1F0C21FD1D80}.Debug|Any CPU.Build.0 = Debug|Any CPU
		{B308EFF8-F882-4511-BF6B-1F0C21FD1D80}.Release|Any CPU.ActiveCfg = Release|Any CPU
		{B308EFF8-F882-4511-BF6B-1F0C21FD1D80}.Release|Any CPU.Build.0 = Release|Any CPU
		{A5EAE82B-D183-4FEF-9446-6AD0B9F703E5}.Debug|Any CPU.ActiveCfg = Debug|Any CPU
		{A5EAE82B-D183-4FEF-9446-6AD0B9F703E5}.Debug|Any CPU.Build.0 = Debug|Any CPU
		{A5EAE82B-D183-4FEF-9446-6AD0B9F703E5}.Release|Any CPU.ActiveCfg = Release|Any CPU
		{A5EAE82B-D183-4FEF-9446-6AD0B9F703E5}.Release|Any CPU.Build.0 = Release|Any CPU
	EndGlobalSection
	GlobalSection(SolutionProperties) = preSolution
		HideSolutionNode = FALSE
	EndGlobalSection
	GlobalSection(ExtensibilityGlobals) = postSolution
		SolutionGuid = {19D2CE46-94B8-44A5-B2DA-7A439E21CA66}
	EndGlobalSection
EndGlobal
